
Microsoft Visual Studio Solution File, Format Version 12.00
Project("{FAE04EC0-301F-11D3-BF4B-00C04F79EFBC}") = "Sharp2", "Sharp2.csproj", "{BF8A191C-B09F-4B0B-B1AA-4C2FBE0DF29D}"
EndProject
Global
	GlobalSection(SolutionConfigurationPlatforms) = preSolution
		Debug|Any CPU = Debug|Any CPU
		Release|Any CPU = Release|Any CPU
	EndGlobalSection
	GlobalSection(ProjectConfigurationPlatforms) = postSolution
		{BF8A191C-B09F-4B0B-B1AA-4C2FBE0DF29D}.Debug|Any CPU.ActiveCfg = Debug|Any CPU
		{BF8A191C-B09F-4B0B-B1AA-4C2FBE0DF29D}.Debug|Any CPU.Build.0 = Debug|Any CPU
		{BF8A191C-B09F-4B0B-B1AA-4C2FBE0DF29D}.Release|Any CPU.ActiveCfg = Release|Any CPU
		{BF8A191C-B09F-4B0B-B1AA-4C2FBE0DF29D}.Release|Any CPU.Build.0 = Release|Any CPU
	EndGlobalSection
EndGlobal
